
Microsoft Visual Studio Solution File, Format Version 12.00
# Visual Studio 14
VisualStudioVersion = 14.0.25420.1
MinimumVisualStudioVersion = 10.0.40219.1
Project("{FAE04EC0-301F-11D3-BF4B-00C04F79EFBC}") = "SportsStore.Domain", "SportsStore.Domain\SportsStore.Domain.csproj", "{E4BC5E29-7CEA-40B6-96B2-29E0AE21C76C}"
EndProject
Project("{FAE04EC0-301F-11D3-BF4B-00C04F79EFBC}") = "SportsStore.WebUI", "SportsStore.WebUI\SportsStore.WebUI.csproj", "{57AC5EE0-7154-4860-A9FB-1C0C9FEB6441}"
EndProject
Project("{FAE04EC0-301F-11D3-BF4B-00C04F79EFBC}") = "SportsStore.UnitTests", "SportsStore.UnitTests\SportsStore.UnitTests.csproj", "{6B99948B-B194-4295-B540-8ED4C6DB8097}"
EndProject
Global
	GlobalSection(SolutionConfigurationPlatforms) = preSolution
		Debug|Any CPU = Debug|Any CPU
		Release|Any CPU = Release|Any CPU
	EndGlobalSection
	GlobalSection(ProjectConfigurationPlatforms) = postSolution
		{E4BC5E29-7CEA-40B6-96B2-29E0AE21C76C}.Debug|Any CPU.ActiveCfg = Debug|Any CPU
		{E4BC5E29-7CEA-40B6-96B2-29E0AE21C76C}.Debug|Any CPU.Build.0 = Debug|Any CPU
		{E4BC5E29-7CEA-40B6-96B2-29E0AE21C76C}.Release|Any CPU.ActiveCfg = Release|Any CPU
		{E4BC5E29-7CEA-40B6-96B2-29E0AE21C76C}.Release|Any CPU.Build.0 = Release|Any CPU
		{57AC5EE0-7154-4860-A9FB-1C0C9FEB6441}.Debug|Any CPU.ActiveCfg = Debug|Any CPU
		{57AC5EE0-7154-4860-A9FB-1C0C9FEB6441}.Debug|Any CPU.Build.0 = Debug|Any CPU
		{57AC5EE0-7154-4860-A9FB-1C0C9FEB6441}.Release|Any CPU.ActiveCfg = Release|Any CPU
		{57AC5EE0-7154-4860-A9FB-1C0C9FEB6441}.Release|Any CPU.Build.0 = Release|Any CPU
		{6B99948B-B194-4295-B540-8ED4C6DB8097}.Debug|Any CPU.ActiveCfg = Debug|Any CPU
		{6B99948B-B194-4295-B540-8ED4C6DB8097}.Debug|Any CPU.Build.0 = Debug|Any CPU
		{6B99948B-B194-4295-B540-8ED4C6DB8097}.Release|Any CPU.ActiveCfg = Release|Any CPU
		{6B99948B-B194-4295-B540-8ED4C6DB8097}.Release|Any CPU.Build.0 = Release|Any CPU
	EndGlobalSection
	GlobalSection(SolutionProperties) = preSolution
		HideSolutionNode = FALSE
	EndGlobalSection
EndGlobal
